
Microsoft Visual Studio Solution File, Format Version 12.00
# Visual Studio Version 17
VisualStudioVersion = 17.4.33205.214
MinimumVisualStudioVersion = 10.0.40219.1
Project("{FAE04EC0-301F-11D3-BF4B-00C04F79EFBC}") = "SalesWebMvc", "SalesWebMvc\SalesWebMvc.csproj", "{C8DC00E0-D07B-4CEF-A01E-320F4E6D4284}"
EndProject
Global
	GlobalSection(SolutionConfigurationPlatforms) = preSolution
		Debug|Any CPU = Debug|Any CPU
		Release|Any CPU = Release|Any CPU
	EndGlobalSection
	GlobalSection(ProjectConfigurationPlatforms) = postSolution
		{C8DC00E0-D07B-4CEF-A01E-320F4E6D4284}.Debug|Any CPU.ActiveCfg = Debug|Any CPU
		{C8DC00E0-D07B-4CEF-A01E-320F4E6D4284}.Debug|Any CPU.Build.0 = Debug|Any CPU
		{C8DC00E0-D07B-4CEF-A01E-320F4E6D4284}.Release|Any CPU.ActiveCfg = Release|Any CPU
		{C8DC00E0-D07B-4CEF-A01E-320F4E6D4284}.Release|Any CPU.Build.0 = Release|Any CPU
	EndGlobalSection
	GlobalSection(SolutionProperties) = preSolution
		HideSolutionNode = FALSE
	EndGlobalSection
	GlobalSection(ExtensibilityGlobals) = postSolution
		SolutionGuid = {CED750CB-7358-4649-B921-E9B703E6181A}
	EndGlobalSection
EndGlobal
